<?xml version="1.0" encoding="utf-8"?>
<Project ToolsVersion="4.0" xmlns="http://schemas.microsoft.com/developer/msbuild/2003">
  <ItemGroup>
    <Filter Include="Source Files">
      <UniqueIdentifier>{4FC737F1-C7A5-4376-A066-2A32D752A2FF}</UniqueIdentifier>
      <Extensions>cpp;c;cc;cxx;c++;cppm;ixx;def;odl;idl;hpj;bat;asm;asmx</Extensions>
    </Filter>
  </ItemGroup>
  <ItemGroup>
    <ClCompile Include="2-1 %28static_cast%29.cpp">
      <Filter>Source Files</Filter>
    </ClCompile>
    <ClCompile Include="2-2 %28dynamic_cast%29.cpp">
      <Filter>Source Files</Filter>
    </ClCompile>
    <ClCompile Include="2-3.cpp">
      <Filter>Source Files</Filter>
    </ClCompile>
    <ClCompile Include="2-4 %28comp error%29.cpp">
      <Filter>Source Files</Filter>
    </ClCompile>
    <ClCompile Include="2-5 %28static_cast%29.cpp">
      <Filter>Source Files</Filter>
    </ClCompile>
    <ClCompile Include="2-6.cpp">
      <Filter>Source Files</Filter>
    </ClCompile>
    <ClCompile Include="2-7 %28comp error%29- affectation.cpp">
      <Filter>Source Files</Filter>
    </ClCompile>
    <ClCompile Include="2-8 %28comp error%29.cpp">
      <Filter>Source Files</Filter>
    </ClCompile>
    <ClCompile Include="2-9.cpp">
      <Filter>Source Files</Filter>
    </ClCompile>
    <ClCompile Include="2-10 %28stat+dyn%29.cpp">
      <Filter>Source Files</Filter>
    </ClCompile>
    <ClCompile Include="2-12 -affectation.cpp">
      <Filter>Source Files</Filter>
    </ClCompile>
    <ClCompile Include="2-13.cpp">
      <Filter>Source Files</Filter>
    </ClCompile>
    <ClCompile Include="2-14.cpp">
      <Filter>Source Files</Filter>
    </ClCompile>
    <ClCompile Include="2-15.cpp">
      <Filter>Source Files</Filter>
    </ClCompile>
    <ClCompile Include="2-16 %28static_cast%29.cpp">
      <Filter>Source Files</Filter>
    </ClCompile>
    <ClCompile Include="2-17.cpp">
      <Filter>Source Files</Filter>
    </ClCompile>
    <ClCompile Include="2-18.cpp">
      <Filter>Source Files</Filter>
    </ClCompile>
    <ClCompile Include="2-19.cpp">
      <Filter>Source Files</Filter>
    </ClCompile>
    <ClCompile Include="2-20 %28dyanmic_cast%29.cpp">
      <Filter>Source Files</Filter>
    </ClCompile>
    <ClCompile Include="2-11-whaat.cpp">
      <Filter>Source Files</Filter>
    </ClCompile>
  </ItemGroup>
</Project>